
Microsoft Visual Studio Solution File, Format Version 12.00
# Visual Studio Version 17
VisualStudioVersion = 17.2.32630.192
MinimumVisualStudioVersion = 10.0.40219.1
Project("{9A19103F-16F7-4668-BE54-9A1E7A4F7556}") = "R5T.D0120.Construction", "R5T.D0120.Construction\R5T.D0120.Construction.csproj", "{7A0E7A0E-67FF-4DCA-9818-657434987510}"
EndProject
Project("{9A19103F-16F7-4668-BE54-9A1E7A4F7556}") = "R5T.D0120", "R5T.D0120\R5T.D0120.csproj", "{4F749134-CBB6-483A-B168-D2C98A83A284}"
EndProject
Project("{2150E333-8FDC-42A3-9474-1A3956D46DE8}") = "_Dependencies", "_Dependencies", "{B6BC6C1F-EAD4-440E-9D8D-E9022782A573}"
EndProject
Project("{9A19103F-16F7-4668-BE54-9A1E7A4F7556}") = "R5T.T0064", "..\..\R5T.T0064\source\R5T.T0064\R5T.T0064.csproj", "{389CB321-0D2F-46C5-AF83-06A4D0ACE9F4}"
EndProject
Project("{9A19103F-16F7-4668-BE54-9A1E7A4F7556}") = "R5T.T0143", "..\..\R5T.T0143\source\R5T.T0143\R5T.T0143.csproj", "{2E0F4FD2-DFA2-46BE-A378-C4727D8F08E4}"
EndProject
Project("{9A19103F-16F7-4668-BE54-9A1E7A4F7556}") = "R5T.L0066", "..\..\R5T.L0066\source\R5T.L0066\R5T.L0066.csproj", "{787F6EFF-FE44-4141-B55A-EC17239AFC25}"
EndProject
Project("{9A19103F-16F7-4668-BE54-9A1E7A4F7556}") = "R5T.L0090.T000", "..\..\R5T.L0090\source\R5T.L0090.T000\R5T.L0090.T000.csproj", "{7C382000-B189-4738-BF1D-07BAE1C9A5A9}"
EndProject
Project("{9A19103F-16F7-4668-BE54-9A1E7A4F7556}") = "R5T.T0131", "..\..\R5T.T0131\source\R5T.T0131\R5T.T0131.csproj", "{F63D636C-BA9B-433B-9A05-99A18CCB9A18}"
EndProject
Project("{9A19103F-16F7-4668-BE54-9A1E7A4F7556}") = "R5T.T0132", "..\..\R5T.T0132\source\R5T.T0132\R5T.T0132.csproj", "{6FF2FF71-FC2D-4F29-A7F5-9771D78D7651}"
EndProject
Project("{9A19103F-16F7-4668-BE54-9A1E7A4F7556}") = "R5T.T0142", "..\..\R5T.T0142\source\R5T.T0142\R5T.T0142.csproj", "{80544F80-AE04-45ED-906E-C7BF8D8A995B}"
EndProject
Project("{9A19103F-16F7-4668-BE54-9A1E7A4F7556}") = "R5T.T0156", "..\..\R5T.T0156\source\R5T.T0156\R5T.T0156.csproj", "{D5EBCDE1-31C1-4AD1-AF4D-A6B5B7CFB7EB}"
EndProject
Project("{9A19103F-16F7-4668-BE54-9A1E7A4F7556}") = "R5T.T0238", "..\..\R5T.T0238\source\R5T.T0238\R5T.T0238.csproj", "{FC29E17F-6206-4CCE-BDD2-A6C6CA8123C3}"
EndProject
Project("{9A19103F-16F7-4668-BE54-9A1E7A4F7556}") = "R5T.T0241", "..\..\R5T.T0241\source\R5T.T0241\R5T.T0241.csproj", "{B61E1C1A-4DF0-45C7-AF80-244B12186DE7}"
EndProject
Project("{9A19103F-16F7-4668-BE54-9A1E7A4F7556}") = "R5T.Y0006", "..\..\R5T.Y0006\source\R5T.Y0006\R5T.Y0006.csproj", "{90796732-ED89-408B-B0C3-93161EE3BAEE}"
EndProject
Project("{9A19103F-16F7-4668-BE54-9A1E7A4F7556}") = "R5T.T0247", "..\..\R5T.T0247\source\R5T.T0247\R5T.T0247.csproj", "{E678E2E9-D9F3-409E-BA16-ACBEEE619DFB}"
EndProject
Project("{9A19103F-16F7-4668-BE54-9A1E7A4F7556}") = "R5T.T0248", "..\..\R5T.T0248\source\R5T.T0248\R5T.T0248.csproj", "{759A9CD1-80CF-408D-9F82-CFDF26F808FA}"
EndProject
Project("{9A19103F-16F7-4668-BE54-9A1E7A4F7556}") = "R5T.F0000", "..\..\R5T.F0000\source\R5T.F0000\R5T.F0000.csproj", "{589D842F-33C0-4B5A-B7C0-01DF4E0A7186}"
EndProject
Project("{9A19103F-16F7-4668-BE54-9A1E7A4F7556}") = "R5T.F0002", "..\..\R5T.F0002\source\R5T.F0002\R5T.F0002.csproj", "{A94B5391-A848-4E58-A199-72A94C8D0B68}"
EndProject
Project("{9A19103F-16F7-4668-BE54-9A1E7A4F7556}") = "R5T.F0059", "..\..\R5T.F0059\source\R5T.F0059\R5T.F0059.csproj", "{62A97BB0-68AF-4051-A4FA-9A4862383DF4}"
EndProject
Project("{9A19103F-16F7-4668-BE54-9A1E7A4F7556}") = "R5T.F0120", "..\..\R5T.F0120\source\R5T.F0120\R5T.F0120.csproj", "{33F680D3-8F52-4515-9959-07A11471B2AF}"
EndProject
Project("{9A19103F-16F7-4668-BE54-9A1E7A4F7556}") = "R5T.F0124", "..\..\R5T.F0124\source\R5T.F0124\R5T.F0124.csproj", "{DC6F6720-D14B-4CE2-B19C-CE0E5CAF9856}"
EndProject
Project("{9A19103F-16F7-4668-BE54-9A1E7A4F7556}") = "R5T.F0125", "..\..\R5T.F0125\source\R5T.F0125\R5T.F0125.csproj", "{D661AB71-78F0-48E1-8301-3BEE86F34A28}"
EndProject
Project("{9A19103F-16F7-4668-BE54-9A1E7A4F7556}") = "R5T.L0030.T000", "..\..\R5T.L0030\source\R5T.L0030.T000\R5T.L0030.T000.csproj", "{976EA719-0A39-4FA1-9FA0-C96E0EE04560}"
EndProject
Project("{9A19103F-16F7-4668-BE54-9A1E7A4F7556}") = "R5T.L0030", "..\..\R5T.L0030\source\R5T.L0030\R5T.L0030.csproj", "{E5B372DB-1890-468C-B933-785312075C55}"
EndProject
Project("{9A19103F-16F7-4668-BE54-9A1E7A4F7556}") = "R5T.L0034", "..\..\R5T.L0034\source\R5T.L0034\R5T.L0034.csproj", "{1D5E9091-6DDE-4B13-AD63-BE7231B35B20}"
EndProject
Project("{9A19103F-16F7-4668-BE54-9A1E7A4F7556}") = "R5T.L0035", "..\..\R5T.L0035\source\R5T.L0035\R5T.L0035.csproj", "{9980062E-E03B-4D26-9E07-82AD08256349}"
EndProject
Project("{9A19103F-16F7-4668-BE54-9A1E7A4F7556}") = "R5T.L0053", "..\..\R5T.L0053\source\R5T.L0053\R5T.L0053.csproj", "{52C419C3-E68A-42EC-9B2D-5D7D0F9CE5CD}"
EndProject
Project("{9A19103F-16F7-4668-BE54-9A1E7A4F7556}") = "R5T.L0056", "..\..\R5T.L0056\source\R5T.L0056\R5T.L0056.csproj", "{B904670F-88D3-4B37-B76B-5CFB2A21F185}"
EndProject
Project("{9A19103F-16F7-4668-BE54-9A1E7A4F7556}") = "R5T.L0071", "..\..\R5T.L0071\source\R5T.L0071\R5T.L0071.csproj", "{3D767812-2497-40C9-9129-8B6C2834148C}"
EndProject
Project("{9A19103F-16F7-4668-BE54-9A1E7A4F7556}") = "R5T.L0074", "..\..\R5T.L0074\source\R5T.L0074\R5T.L0074.csproj", "{30C31D62-4D4A-4372-A3A5-581C7F2992C0}"
EndProject
Project("{9A19103F-16F7-4668-BE54-9A1E7A4F7556}") = "R5T.L0089.F000", "..\..\R5T.L0089\source\R5T.L0089.F000\R5T.L0089.F000.csproj", "{B8903659-C151-45B8-82E4-B1E62FF53550}"
EndProject
Project("{9A19103F-16F7-4668-BE54-9A1E7A4F7556}") = "R5T.L0089.T000", "..\..\R5T.L0089\source\R5T.L0089.T000\R5T.L0089.T000.csproj", "{17B04A55-DA97-40FB-A171-6E40E8838E28}"
EndProject
Project("{9A19103F-16F7-4668-BE54-9A1E7A4F7556}") = "R5T.L0089", "..\..\R5T.L0089\source\R5T.L0089\R5T.L0089.csproj", "{C325BBC1-E4C3-45D9-B744-B68CC87D4893}"
EndProject
Project("{9A19103F-16F7-4668-BE54-9A1E7A4F7556}") = "R5T.NG0006", "..\..\R5T.NG0006\source\R5T.NG0006\R5T.NG0006.csproj", "{A2EB280F-D00C-4C03-9986-CC4761127524}"
EndProject
Project("{9A19103F-16F7-4668-BE54-9A1E7A4F7556}") = "R5T.NG0022", "..\..\R5T.NG0022\source\R5T.NG0022\R5T.NG0022.csproj", "{EC592B85-5D1C-4EEF-B286-42A49C05F7C4}"
EndProject
Project("{9A19103F-16F7-4668-BE54-9A1E7A4F7556}") = "R5T.T0150", "..\..\R5T.T0150\source\R5T.T0150\R5T.T0150.csproj", "{C67EAEFA-BED2-473A-9922-FF37578484A5}"
EndProject
Project("{9A19103F-16F7-4668-BE54-9A1E7A4F7556}") = "R5T.T0151", "..\..\R5T.T0151\source\R5T.T0151\R5T.T0151.csproj", "{0CC9C1FC-DB78-4318-BDF9-F3EF4A9C9923}"
EndProject
Project("{9A19103F-16F7-4668-BE54-9A1E7A4F7556}") = "R5T.T0158", "..\..\R5T.T0158\source\R5T.T0158\R5T.T0158.csproj", "{5E61A2A6-17DA-4559-8EAB-AD700F8CCB54}"
EndProject
Project("{9A19103F-16F7-4668-BE54-9A1E7A4F7556}") = "R5T.T0159", "..\..\R5T.T0159\source\R5T.T0159\R5T.T0159.csproj", "{BF221C91-33D3-4864-885D-9B21818E2EB4}"
EndProject
Project("{9A19103F-16F7-4668-BE54-9A1E7A4F7556}") = "R5T.T0172", "..\..\R5T.T0172\source\R5T.T0172\R5T.T0172.csproj", "{3ADACF44-BF05-449D-824B-DFF8BF2EFE25}"
EndProject
Project("{9A19103F-16F7-4668-BE54-9A1E7A4F7556}") = "R5T.T0174", "..\..\R5T.T0174\source\R5T.T0174\R5T.T0174.csproj", "{1E4366D8-00D7-4F72-B2E8-211D48F66530}"
EndProject
Project("{9A19103F-16F7-4668-BE54-9A1E7A4F7556}") = "R5T.T0176", "..\..\R5T.T0176\source\R5T.T0176\R5T.T0176.csproj", "{3FACD532-ADE9-47D3-B153-B0E980F3DC89}"
EndProject
Project("{9A19103F-16F7-4668-BE54-9A1E7A4F7556}") = "R5T.T0177", "..\..\R5T.T0177\source\R5T.T0177\R5T.T0177.csproj", "{721790B9-2AC1-414D-B168-43321484E10A}"
EndProject
Project("{9A19103F-16F7-4668-BE54-9A1E7A4F7556}") = "R5T.T0178", "..\..\R5T.T0178\source\R5T.T0178\R5T.T0178.csproj", "{826347ED-2D87-474D-8AF2-01F689EAF998}"
EndProject
Project("{9A19103F-16F7-4668-BE54-9A1E7A4F7556}") = "R5T.T0179", "..\..\R5T.T0179\source\R5T.T0179\R5T.T0179.csproj", "{905B1EFE-7D8F-4430-BD71-A05CB1DA7C1B}"
EndProject
Project("{9A19103F-16F7-4668-BE54-9A1E7A4F7556}") = "R5T.T0180", "..\..\R5T.T0180\source\R5T.T0180\R5T.T0180.csproj", "{9EAADAE3-0E5F-4223-8DF8-8A241B90F4D1}"
EndProject
Project("{9A19103F-16F7-4668-BE54-9A1E7A4F7556}") = "R5T.T0181", "..\..\R5T.T0181\source\R5T.T0181\R5T.T0181.csproj", "{54F215B9-85FD-4F67-BD5D-B771CF3E1E62}"
EndProject
Project("{9A19103F-16F7-4668-BE54-9A1E7A4F7556}") = "R5T.T0185", "..\..\R5T.T0185\source\R5T.T0185\R5T.T0185.csproj", "{8C6E3FB6-1294-48E0-A9E2-38EF837EE2F3}"
EndProject
Project("{9A19103F-16F7-4668-BE54-9A1E7A4F7556}") = "R5T.T0199.T000", "..\..\R5T.T0199\source\R5T.T0199.T000\R5T.T0199.T000.csproj", "{20BDA7DD-63A1-4044-AB7B-797BBC6CF331}"
EndProject
Project("{9A19103F-16F7-4668-BE54-9A1E7A4F7556}") = "R5T.T0199.T001", "..\..\R5T.T0199\source\R5T.T0199.T001\R5T.T0199.T001.csproj", "{09A11E8A-77CE-4C6F-9654-47A1A0AEE02C}"
EndProject
Project("{9A19103F-16F7-4668-BE54-9A1E7A4F7556}") = "R5T.T0199", "..\..\R5T.T0199\source\R5T.T0199\R5T.T0199.csproj", "{A286311A-3FEB-4784-B213-1D227BDCC00E}"
EndProject
Project("{9A19103F-16F7-4668-BE54-9A1E7A4F7556}") = "R5T.T0203", "..\..\R5T.T0203\source\R5T.T0203\R5T.T0203.csproj", "{7277B158-CCFB-4C27-A444-DB153FF2D21F}"
EndProject
Project("{9A19103F-16F7-4668-BE54-9A1E7A4F7556}") = "R5T.T0213", "..\..\R5T.T0213\source\R5T.T0213\R5T.T0213.csproj", "{953C9927-96F7-4187-AEE5-A032577BF739}"
EndProject
Project("{9A19103F-16F7-4668-BE54-9A1E7A4F7556}") = "R5T.T0218", "..\..\R5T.T0218\source\R5T.T0218\R5T.T0218.csproj", "{F9695108-6C2F-4AF7-BF11-17D9BB5F7862}"
EndProject
Project("{9A19103F-16F7-4668-BE54-9A1E7A4F7556}") = "R5T.T0219", "..\..\R5T.T0219\source\R5T.T0219\R5T.T0219.csproj", "{59AD59D9-CE9F-48B0-A59C-702758E3DB90}"
EndProject
Project("{9A19103F-16F7-4668-BE54-9A1E7A4F7556}") = "R5T.T0220", "..\..\R5T.T0220\source\R5T.T0220\R5T.T0220.csproj", "{9EA15592-6B95-4B4A-A0E2-A3C0519F741E}"
EndProject
Project("{9A19103F-16F7-4668-BE54-9A1E7A4F7556}") = "R5T.T0221", "..\..\R5T.T0221\source\R5T.T0221\R5T.T0221.csproj", "{EE1F9F14-F264-411D-B898-C6D7FEB0108E}"
EndProject
Project("{9A19103F-16F7-4668-BE54-9A1E7A4F7556}") = "R5T.T0227", "..\..\R5T.T0227\source\R5T.T0227\R5T.T0227.csproj", "{BCAE66DC-FDA5-4CB9-87A3-A75E922117D9}"
EndProject
Project("{9A19103F-16F7-4668-BE54-9A1E7A4F7556}") = "R5T.Y0000", "..\..\R5T.Y0000\source\R5T.Y0000\R5T.Y0000.csproj", "{E931F4A6-FA1A-495B-BFBC-BFFA369F8447}"
EndProject
Project("{9A19103F-16F7-4668-BE54-9A1E7A4F7556}") = "R5T.Z0000", "..\..\R5T.Z0000\source\R5T.Z0000\R5T.Z0000.csproj", "{BF0CA603-43F3-4527-9103-56D80EB06BC6}"
EndProject
Project("{9A19103F-16F7-4668-BE54-9A1E7A4F7556}") = "R5T.Z0010.Platform", "..\..\R5T.Z0010\source\R5T.Z0010.Platform\R5T.Z0010.Platform.csproj", "{0228FE83-B384-4CC1-8615-4D45B0826B82}"
EndProject
Project("{9A19103F-16F7-4668-BE54-9A1E7A4F7556}") = "R5T.Z0010", "..\..\R5T.Z0010\source\R5T.Z0010\R5T.Z0010.csproj", "{95B56F15-CF47-4D2D-9029-CDB4F437609C}"
EndProject
Project("{9A19103F-16F7-4668-BE54-9A1E7A4F7556}") = "R5T.Z0057.Platform", "..\..\R5T.Z0057\source\R5T.Z0057.Platform\R5T.Z0057.Platform.csproj", "{4E386C11-CD70-4432-B8B5-E29BF98E33A2}"
EndProject
Project("{9A19103F-16F7-4668-BE54-9A1E7A4F7556}") = "R5T.Z0057", "..\..\R5T.Z0057\source\R5T.Z0057\R5T.Z0057.csproj", "{649EC702-52EF-41B8-92EF-DDCBBDEA6E81}"
EndProject
Project("{9A19103F-16F7-4668-BE54-9A1E7A4F7556}") = "R5T.Z0058", "..\..\R5T.Z0058\source\R5T.Z0058\R5T.Z0058.csproj", "{13505662-81B4-450D-BDD0-DE41B947FC43}"
EndProject
Project("{9A19103F-16F7-4668-BE54-9A1E7A4F7556}") = "R5T.D0120.I001", "R5T.D0120.I001\R5T.D0120.I001.csproj", "{6583A7C4-C0BC-4FC6-9B76-A716CD931D7B}"
EndProject
Project("{2150E333-8FDC-42A3-9474-1A3956D46DE8}") = "Solution Items", "Solution Items", "{FC95A2EB-62B0-4521-862F-4E34B72419AE}"
	ProjectSection(SolutionItems) = preProject
		.editorconfig = .editorconfig
	EndProjectSection
EndProject
Project("{9A19103F-16F7-4668-BE54-9A1E7A4F7556}") = "R5T.D0120.I000", "R5T.D0120.I000\R5T.D0120.I000.csproj", "{52379F32-E5C0-4AD5-9909-98DB01B83586}"
EndProject
Project("{9A19103F-16F7-4668-BE54-9A1E7A4F7556}") = "R5T.H0001", "..\..\R5T.H0001\source\R5T.H0001\R5T.H0001.csproj", "{7628D695-2AB8-4E7D-8D29-AAB93A4458AB}"
EndProject
Project("{9A19103F-16F7-4668-BE54-9A1E7A4F7556}") = "R5T.NG0026", "..\..\R5T.NG0026\source\R5T.NG0026\R5T.NG0026.csproj", "{B0ACCDFE-4798-4639-B55D-1F4A2A9D7AD7}"
EndProject
Project("{9A19103F-16F7-4668-BE54-9A1E7A4F7556}") = "R5T.T0249", "..\..\R5T.T0249\source\R5T.T0249\R5T.T0249.csproj", "{B3384448-DF9F-4C35-9AF2-F173F4DCD343}"
EndProject
Project("{9A19103F-16F7-4668-BE54-9A1E7A4F7556}") = "R5T.T0250", "..\..\R5T.T0250\source\R5T.T0250\R5T.T0250.csproj", "{92358055-5328-4ACB-9DCC-34557504C170}"
EndProject
Project("{9A19103F-16F7-4668-BE54-9A1E7A4F7556}") = "R5T.NG0025", "..\..\R5T.NG0025\source\R5T.NG0025\R5T.NG0025.csproj", "{EC9C61B9-EA87-406D-8CDF-7F3EFFDBD5CF}"
EndProject
Project("{9A19103F-16F7-4668-BE54-9A1E7A4F7556}") = "R5T.NG0002", "..\..\R5T.NG0002\source\R5T.NG0002\R5T.NG0002.csproj", "{CCA9BAC9-3C7D-4D86-9200-29B87D136759}"
EndProject
Project("{9A19103F-16F7-4668-BE54-9A1E7A4F7556}") = "R5T.T0251", "..\..\R5T.T0251\source\R5T.T0251\R5T.T0251.csproj", "{79270889-103D-4F96-9EBE-0739D2D89B7D}"
EndProject
Project("{9A19103F-16F7-4668-BE54-9A1E7A4F7556}") = "R5T.T0252", "..\..\R5T.T0252\source\R5T.T0252\R5T.T0252.csproj", "{4ADE2AF1-25BA-4151-8957-6E3084ED74AC}"
EndProject
Project("{9A19103F-16F7-4668-BE54-9A1E7A4F7556}") = "R5T.Z0072.Z000", "..\..\R5T.Z0072\source\R5T.Z0072.Z000\R5T.Z0072.Z000.csproj", "{5CB09AA1-2EA9-40FF-918E-6E1F0DE7CCF7}"
EndProject
Project("{9A19103F-16F7-4668-BE54-9A1E7A4F7556}") = "R5T.Z0072.Z001", "..\..\R5T.Z0072\source\R5T.Z0072.Z001\R5T.Z0072.Z001.csproj", "{01A74095-1E0A-4FB2-9E78-52F01549994B}"
EndProject
Project("{9A19103F-16F7-4668-BE54-9A1E7A4F7556}") = "R5T.Z0072.Z002", "..\..\R5T.Z0072\source\R5T.Z0072.Z002\R5T.Z0072.Z002.csproj", "{AF80140D-197B-4B70-A005-5D4621B8B326}"
EndProject
Project("{9A19103F-16F7-4668-BE54-9A1E7A4F7556}") = "R5T.Z0072.Z004", "..\..\R5T.Z0072\source\R5T.Z0072.Z004\R5T.Z0072.Z004.csproj", "{AAC70AB1-3F5B-494D-AA3E-41531FE92FA6}"
EndProject
Global
	GlobalSection(NestedProjects) = preSolution
		{389CB321-0D2F-46C5-AF83-06A4D0ACE9F4} = {B6BC6C1F-EAD4-440E-9D8D-E9022782A573}
		{2E0F4FD2-DFA2-46BE-A378-C4727D8F08E4} = {B6BC6C1F-EAD4-440E-9D8D-E9022782A573}
		{787F6EFF-FE44-4141-B55A-EC17239AFC25} = {B6BC6C1F-EAD4-440E-9D8D-E9022782A573}
		{7C382000-B189-4738-BF1D-07BAE1C9A5A9} = {B6BC6C1F-EAD4-440E-9D8D-E9022782A573}
		{F63D636C-BA9B-433B-9A05-99A18CCB9A18} = {B6BC6C1F-EAD4-440E-9D8D-E9022782A573}
		{6FF2FF71-FC2D-4F29-A7F5-9771D78D7651} = {B6BC6C1F-EAD4-440E-9D8D-E9022782A573}
		{80544F80-AE04-45ED-906E-C7BF8D8A995B} = {B6BC6C1F-EAD4-440E-9D8D-E9022782A573}
		{D5EBCDE1-31C1-4AD1-AF4D-A6B5B7CFB7EB} = {B6BC6C1F-EAD4-440E-9D8D-E9022782A573}
		{FC29E17F-6206-4CCE-BDD2-A6C6CA8123C3} = {B6BC6C1F-EAD4-440E-9D8D-E9022782A573}
		{B61E1C1A-4DF0-45C7-AF80-244B12186DE7} = {B6BC6C1F-EAD4-440E-9D8D-E9022782A573}
		{90796732-ED89-408B-B0C3-93161EE3BAEE} = {B6BC6C1F-EAD4-440E-9D8D-E9022782A573}
		{E678E2E9-D9F3-409E-BA16-ACBEEE619DFB} = {B6BC6C1F-EAD4-440E-9D8D-E9022782A573}
		{759A9CD1-80CF-408D-9F82-CFDF26F808FA} = {B6BC6C1F-EAD4-440E-9D8D-E9022782A573}
		{589D842F-33C0-4B5A-B7C0-01DF4E0A7186} = {B6BC6C1F-EAD4-440E-9D8D-E9022782A573}
		{A94B5391-A848-4E58-A199-72A94C8D0B68} = {B6BC6C1F-EAD4-440E-9D8D-E9022782A573}
		{62A97BB0-68AF-4051-A4FA-9A4862383DF4} = {B6BC6C1F-EAD4-440E-9D8D-E9022782A573}
		{33F680D3-8F52-4515-9959-07A11471B2AF} = {B6BC6C1F-EAD4-440E-9D8D-E9022782A573}
		{DC6F6720-D14B-4CE2-B19C-CE0E5CAF9856} = {B6BC6C1F-EAD4-440E-9D8D-E9022782A573}
		{D661AB71-78F0-48E1-8301-3BEE86F34A28} = {B6BC6C1F-EAD4-440E-9D8D-E9022782A573}
		{976EA719-0A39-4FA1-9FA0-C96E0EE04560} = {B6BC6C1F-EAD4-440E-9D8D-E9022782A573}
		{E5B372DB-1890-468C-B933-785312075C55} = {B6BC6C1F-EAD4-440E-9D8D-E9022782A573}
		{1D5E9091-6DDE-4B13-AD63-BE7231B35B20} = {B6BC6C1F-EAD4-440E-9D8D-E9022782A573}
		{9980062E-E03B-4D26-9E07-82AD08256349} = {B6BC6C1F-EAD4-440E-9D8D-E9022782A573}
		{52C419C3-E68A-42EC-9B2D-5D7D0F9CE5CD} = {B6BC6C1F-EAD4-440E-9D8D-E9022782A573}
		{B904670F-88D3-4B37-B76B-5CFB2A21F185} = {B6BC6C1F-EAD4-440E-9D8D-E9022782A573}
		{3D767812-2497-40C9-9129-8B6C2834148C} = {B6BC6C1F-EAD4-440E-9D8D-E9022782A573}
		{30C31D62-4D4A-4372-A3A5-581C7F2992C0} = {B6BC6C1F-EAD4-440E-9D8D-E9022782A573}
		{B8903659-C151-45B8-82E4-B1E62FF53550} = {B6BC6C1F-EAD4-440E-9D8D-E9022782A573}
		{17B04A55-DA97-40FB-A171-6E40E8838E28} = {B6BC6C1F-EAD4-440E-9D8D-E9022782A573}
		{C325BBC1-E4C3-45D9-B744-B68CC87D4893} = {B6BC6C1F-EAD4-440E-9D8D-E9022782A573}
		{A2EB280F-D00C-4C03-9986-CC4761127524} = {B6BC6C1F-EAD4-440E-9D8D-E9022782A573}
		{EC592B85-5D1C-4EEF-B286-42A49C05F7C4} = {B6BC6C1F-EAD4-440E-9D8D-E9022782A573}
		{C67EAEFA-BED2-473A-9922-FF37578484A5} = {B6BC6C1F-EAD4-440E-9D8D-E9022782A573}
		{0CC9C1FC-DB78-4318-BDF9-F3EF4A9C9923} = {B6BC6C1F-EAD4-440E-9D8D-E9022782A573}
		{5E61A2A6-17DA-4559-8EAB-AD700F8CCB54} = {B6BC6C1F-EAD4-440E-9D8D-E9022782A573}
		{BF221C91-33D3-4864-885D-9B21818E2EB4} = {B6BC6C1F-EAD4-440E-9D8D-E9022782A573}
		{3ADACF44-BF05-449D-824B-DFF8BF2EFE25} = {B6BC6C1F-EAD4-440E-9D8D-E9022782A573}
		{1E4366D8-00D7-4F72-B2E8-211D48F66530} = {B6BC6C1F-EAD4-440E-9D8D-E9022782A573}
		{3FACD532-ADE9-47D3-B153-B0E980F3DC89} = {B6BC6C1F-EAD4-440E-9D8D-E9022782A573}
		{721790B9-2AC1-414D-B168-43321484E10A} = {B6BC6C1F-EAD4-440E-9D8D-E9022782A573}
		{826347ED-2D87-474D-8AF2-01F689EAF998} = {B6BC6C1F-EAD4-440E-9D8D-E9022782A573}
		{905B1EFE-7D8F-4430-BD71-A05CB1DA7C1B} = {B6BC6C1F-EAD4-440E-9D8D-E9022782A573}
		{9EAADAE3-0E5F-4223-8DF8-8A241B90F4D1} = {B6BC6C1F-EAD4-440E-9D8D-E9022782A573}
		{54F215B9-85FD-4F67-BD5D-B771CF3E1E62} = {B6BC6C1F-EAD4-440E-9D8D-E9022782A573}
		{8C6E3FB6-1294-48E0-A9E2-38EF837EE2F3} = {B6BC6C1F-EAD4-440E-9D8D-E9022782A573}
		{20BDA7DD-63A1-4044-AB7B-797BBC6CF331} = {B6BC6C1F-EAD4-440E-9D8D-E9022782A573}
		{09A11E8A-77CE-4C6F-9654-47A1A0AEE02C} = {B6BC6C1F-EAD4-440E-9D8D-E9022782A573}
		{A286311A-3FEB-4784-B213-1D227BDCC00E} = {B6BC6C1F-EAD4-440E-9D8D-E9022782A573}
		{7277B158-CCFB-4C27-A444-DB153FF2D21F} = {B6BC6C1F-EAD4-440E-9D8D-E9022782A573}
		{953C9927-96F7-4187-AEE5-A032577BF739} = {B6BC6C1F-EAD4-440E-9D8D-E9022782A573}
		{F9695108-6C2F-4AF7-BF11-17D9BB5F7862} = {B6BC6C1F-EAD4-440E-9D8D-E9022782A573}
		{59AD59D9-CE9F-48B0-A59C-702758E3DB90} = {B6BC6C1F-EAD4-440E-9D8D-E9022782A573}
		{9EA15592-6B95-4B4A-A0E2-A3C0519F741E} = {B6BC6C1F-EAD4-440E-9D8D-E9022782A573}
		{EE1F9F14-F264-411D-B898-C6D7FEB0108E} = {B6BC6C1F-EAD4-440E-9D8D-E9022782A573}
		{BCAE66DC-FDA5-4CB9-87A3-A75E922117D9} = {B6BC6C1F-EAD4-440E-9D8D-E9022782A573}
		{E931F4A6-FA1A-495B-BFBC-BFFA369F8447} = {B6BC6C1F-EAD4-440E-9D8D-E9022782A573}
		{BF0CA603-43F3-4527-9103-56D80EB06BC6} = {B6BC6C1F-EAD4-440E-9D8D-E9022782A573}
		{0228FE83-B384-4CC1-8615-4D45B0826B82} = {B6BC6C1F-EAD4-440E-9D8D-E9022782A573}
		{95B56F15-CF47-4D2D-9029-CDB4F437609C} = {B6BC6C1F-EAD4-440E-9D8D-E9022782A573}
		{4E386C11-CD70-4432-B8B5-E29BF98E33A2} = {B6BC6C1F-EAD4-440E-9D8D-E9022782A573}
		{649EC702-52EF-41B8-92EF-DDCBBDEA6E81} = {B6BC6C1F-EAD4-440E-9D8D-E9022782A573}
		{13505662-81B4-450D-BDD0-DE41B947FC43} = {B6BC6C1F-EAD4-440E-9D8D-E9022782A573}
		{7628D695-2AB8-4E7D-8D29-AAB93A4458AB} = {B6BC6C1F-EAD4-440E-9D8D-E9022782A573}
		{B0ACCDFE-4798-4639-B55D-1F4A2A9D7AD7} = {B6BC6C1F-EAD4-440E-9D8D-E9022782A573}
		{B3384448-DF9F-4C35-9AF2-F173F4DCD343} = {B6BC6C1F-EAD4-440E-9D8D-E9022782A573}
		{92358055-5328-4ACB-9DCC-34557504C170} = {B6BC6C1F-EAD4-440E-9D8D-E9022782A573}
		{EC9C61B9-EA87-406D-8CDF-7F3EFFDBD5CF} = {B6BC6C1F-EAD4-440E-9D8D-E9022782A573}
		{CCA9BAC9-3C7D-4D86-9200-29B87D136759} = {B6BC6C1F-EAD4-440E-9D8D-E9022782A573}
		{79270889-103D-4F96-9EBE-0739D2D89B7D} = {B6BC6C1F-EAD4-440E-9D8D-E9022782A573}
		{4ADE2AF1-25BA-4151-8957-6E3084ED74AC} = {B6BC6C1F-EAD4-440E-9D8D-E9022782A573}
		{5CB09AA1-2EA9-40FF-918E-6E1F0DE7CCF7} = {B6BC6C1F-EAD4-440E-9D8D-E9022782A573}
		{01A74095-1E0A-4FB2-9E78-52F01549994B} = {B6BC6C1F-EAD4-440E-9D8D-E9022782A573}
		{AF80140D-197B-4B70-A005-5D4621B8B326} = {B6BC6C1F-EAD4-440E-9D8D-E9022782A573}
		{AAC70AB1-3F5B-494D-AA3E-41531FE92FA6} = {B6BC6C1F-EAD4-440E-9D8D-E9022782A573}
	EndGlobalSection
	GlobalSection(SolutionConfigurationPlatforms) = preSolution
		Debug|Any CPU = Debug|Any CPU
		Release|Any CPU = Release|Any CPU
	EndGlobalSection
	GlobalSection(ProjectConfigurationPlatforms) = postSolution
		{7A0E7A0E-67FF-4DCA-9818-657434987510}.Debug|Any CPU.ActiveCfg = Debug|Any CPU
		{7A0E7A0E-67FF-4DCA-9818-657434987510}.Debug|Any CPU.Build.0 = Debug|Any CPU
		{7A0E7A0E-67FF-4DCA-9818-657434987510}.Release|Any CPU.ActiveCfg = Release|Any CPU
		{7A0E7A0E-67FF-4DCA-9818-657434987510}.Release|Any CPU.Build.0 = Release|Any CPU
		{4F749134-CBB6-483A-B168-D2C98A83A284}.Debug|Any CPU.ActiveCfg = Debug|Any CPU
		{4F749134-CBB6-483A-B168-D2C98A83A284}.Debug|Any CPU.Build.0 = Debug|Any CPU
		{4F749134-CBB6-483A-B168-D2C98A83A284}.Release|Any CPU.ActiveCfg = Release|Any CPU
		{4F749134-CBB6-483A-B168-D2C98A83A284}.Release|Any CPU.Build.0 = Release|Any CPU
		{389CB321-0D2F-46C5-AF83-06A4D0ACE9F4}.Debug|Any CPU.ActiveCfg = Debug|Any CPU
		{389CB321-0D2F-46C5-AF83-06A4D0ACE9F4}.Debug|Any CPU.Build.0 = Debug|Any CPU
		{389CB321-0D2F-46C5-AF83-06A4D0ACE9F4}.Release|Any CPU.ActiveCfg = Release|Any CPU
		{389CB321-0D2F-46C5-AF83-06A4D0ACE9F4}.Release|Any CPU.Build.0 = Release|Any CPU
		{2E0F4FD2-DFA2-46BE-A378-C4727D8F08E4}.Debug|Any CPU.ActiveCfg = Debug|Any CPU
		{2E0F4FD2-DFA2-46BE-A378-C4727D8F08E4}.Debug|Any CPU.Build.0 = Debug|Any CPU
		{2E0F4FD2-DFA2-46BE-A378-C4727D8F08E4}.Release|Any CPU.ActiveCfg = Release|Any CPU
		{2E0F4FD2-DFA2-46BE-A378-C4727D8F08E4}.Release|Any CPU.Build.0 = Release|Any CPU
		{787F6EFF-FE44-4141-B55A-EC17239AFC25}.Debug|Any CPU.ActiveCfg = Debug|Any CPU
		{787F6EFF-FE44-4141-B55A-EC17239AFC25}.Debug|Any CPU.Build.0 = Debug|Any CPU
		{787F6EFF-FE44-4141-B55A-EC17239AFC25}.Release|Any CPU.ActiveCfg = Release|Any CPU
		{787F6EFF-FE44-4141-B55A-EC17239AFC25}.Release|Any CPU.Build.0 = Release|Any CPU
		{7C382000-B189-4738-BF1D-07BAE1C9A5A9}.Debug|Any CPU.ActiveCfg = Debug|Any CPU
		{7C382000-B189-4738-BF1D-07BAE1C9A5A9}.Debug|Any CPU.Build.0 = Debug|Any CPU
		{7C382000-B189-4738-BF1D-07BAE1C9A5A9}.Release|Any CPU.ActiveCfg = Release|Any CPU
		{7C382000-B189-4738-BF1D-07BAE1C9A5A9}.Release|Any CPU.Build.0 = Release|Any CPU
		{F63D636C-BA9B-433B-9A05-99A18CCB9A18}.Debug|Any CPU.ActiveCfg = Debug|Any CPU
		{F63D636C-BA9B-433B-9A05-99A18CCB9A18}.Debug|Any CPU.Build.0 = Debug|Any CPU
		{F63D636C-BA9B-433B-9A05-99A18CCB9A18}.Release|Any CPU.ActiveCfg = Release|Any CPU
		{F63D636C-BA9B-433B-9A05-99A18CCB9A18}.Release|Any CPU.Build.0 = Release|Any CPU
		{6FF2FF71-FC2D-4F29-A7F5-9771D78D7651}.Debug|Any CPU.ActiveCfg = Debug|Any CPU
		{6FF2FF71-FC2D-4F29-A7F5-9771D78D7651}.Debug|Any CPU.Build.0 = Debug|Any CPU
		{6FF2FF71-FC2D-4F29-A7F5-9771D78D7651}.Release|Any CPU.ActiveCfg = Release|Any CPU
		{6FF2FF71-FC2D-4F29-A7F5-9771D78D7651}.Release|Any CPU.Build.0 = Release|Any CPU
		{80544F80-AE04-45ED-906E-C7BF8D8A995B}.Debug|Any CPU.ActiveCfg = Debug|Any CPU
		{80544F80-AE04-45ED-906E-C7BF8D8A995B}.Debug|Any CPU.Build.0 = Debug|Any CPU
		{80544F80-AE04-45ED-906E-C7BF8D8A995B}.Release|Any CPU.ActiveCfg = Release|Any CPU
		{80544F80-AE04-45ED-906E-C7BF8D8A995B}.Release|Any CPU.Build.0 = Release|Any CPU
		{D5EBCDE1-31C1-4AD1-AF4D-A6B5B7CFB7EB}.Debug|Any CPU.ActiveCfg = Debug|Any CPU
		{D5EBCDE1-31C1-4AD1-AF4D-A6B5B7CFB7EB}.Debug|Any CPU.Build.0 = Debug|Any CPU
		{D5EBCDE1-31C1-4AD1-AF4D-A6B5B7CFB7EB}.Release|Any CPU.ActiveCfg = Release|Any CPU
		{D5EBCDE1-31C1-4AD1-AF4D-A6B5B7CFB7EB}.Release|Any CPU.Build.0 = Release|Any CPU
		{FC29E17F-6206-4CCE-BDD2-A6C6CA8123C3}.Debug|Any CPU.ActiveCfg = Debug|Any CPU
		{FC29E17F-6206-4CCE-BDD2-A6C6CA8123C3}.Debug|Any CPU.Build.0 = Debug|Any CPU
		{FC29E17F-6206-4CCE-BDD2-A6C6CA8123C3}.Release|Any CPU.ActiveCfg = Release|Any CPU
		{FC29E17F-6206-4CCE-BDD2-A6C6CA8123C3}.Release|Any CPU.Build.0 = Release|Any CPU
		{B61E1C1A-4DF0-45C7-AF80-244B12186DE7}.Debug|Any CPU.ActiveCfg = Debug|Any CPU
		{B61E1C1A-4DF0-45C7-AF80-244B12186DE7}.Debug|Any CPU.Build.0 = Debug|Any CPU
		{B61E1C1A-4DF0-45C7-AF80-244B12186DE7}.Release|Any CPU.ActiveCfg = Release|Any CPU
		{B61E1C1A-4DF0-45C7-AF80-244B12186DE7}.Release|Any CPU.Build.0 = Release|Any CPU
		{90796732-ED89-408B-B0C3-93161EE3BAEE}.Debug|Any CPU.ActiveCfg = Debug|Any CPU
		{90796732-ED89-408B-B0C3-93161EE3BAEE}.Debug|Any CPU.Build.0 = Debug|Any CPU
		{90796732-ED89-408B-B0C3-93161EE3BAEE}.Release|Any CPU.ActiveCfg = Release|Any CPU
		{90796732-ED89-408B-B0C3-93161EE3BAEE}.Release|Any CPU.Build.0 = Release|Any CPU
		{E678E2E9-D9F3-409E-BA16-ACBEEE619DFB}.Debug|Any CPU.ActiveCfg = Debug|Any CPU
		{E678E2E9-D9F3-409E-BA16-ACBEEE619DFB}.Debug|Any CPU.Build.0 = Debug|Any CPU
		{E678E2E9-D9F3-409E-BA16-ACBEEE619DFB}.Release|Any CPU.ActiveCfg = Release|Any CPU
		{E678E2E9-D9F3-409E-BA16-ACBEEE619DFB}.Release|Any CPU.Build.0 = Release|Any CPU
		{759A9CD1-80CF-408D-9F82-CFDF26F808FA}.Debug|Any CPU.ActiveCfg = Debug|Any CPU
		{759A9CD1-80CF-408D-9F82-CFDF26F808FA}.Debug|Any CPU.Build.0 = Debug|Any CPU
		{759A9CD1-80CF-408D-9F82-CFDF26F808FA}.Release|Any CPU.ActiveCfg = Release|Any CPU
		{759A9CD1-80CF-408D-9F82-CFDF26F808FA}.Release|Any CPU.Build.0 = Release|Any CPU
		{589D842F-33C0-4B5A-B7C0-01DF4E0A7186}.Debug|Any CPU.ActiveCfg = Debug|Any CPU
		{589D842F-33C0-4B5A-B7C0-01DF4E0A7186}.Debug|Any CPU.Build.0 = Debug|Any CPU
		{589D842F-33C0-4B5A-B7C0-01DF4E0A7186}.Release|Any CPU.ActiveCfg = Release|Any CPU
		{589D842F-33C0-4B5A-B7C0-01DF4E0A7186}.Release|Any CPU.Build.0 = Release|Any CPU
		{A94B5391-A848-4E58-A199-72A94C8D0B68}.Debug|Any CPU.ActiveCfg = Debug|Any CPU
		{A94B5391-A848-4E58-A199-72A94C8D0B68}.Debug|Any CPU.Build.0 = Debug|Any CPU
		{A94B5391-A848-4E58-A199-72A94C8D0B68}.Release|Any CPU.ActiveCfg = Release|Any CPU
		{A94B5391-A848-4E58-A199-72A94C8D0B68}.Release|Any CPU.Build.0 = Release|Any CPU
		{62A97BB0-68AF-4051-A4FA-9A4862383DF4}.Debug|Any CPU.ActiveCfg = Debug|Any CPU
		{62A97BB0-68AF-4051-A4FA-9A4862383DF4}.Debug|Any CPU.Build.0 = Debug|Any CPU
		{62A97BB0-68AF-4051-A4FA-9A4862383DF4}.Release|Any CPU.ActiveCfg = Release|Any CPU
		{62A97BB0-68AF-4051-A4FA-9A4862383DF4}.Release|Any CPU.Build.0 = Release|Any CPU
		{33F680D3-8F52-4515-9959-07A11471B2AF}.Debug|Any CPU.ActiveCfg = Debug|Any CPU
		{33F680D3-8F52-4515-9959-07A11471B2AF}.Debug|Any CPU.Build.0 = Debug|Any CPU
		{33F680D3-8F52-4515-9959-07A11471B2AF}.Release|Any CPU.ActiveCfg = Release|Any CPU
		{33F680D3-8F52-4515-9959-07A11471B2AF}.Release|Any CPU.Build.0 = Release|Any CPU
		{DC6F6720-D14B-4CE2-B19C-CE0E5CAF9856}.Debug|Any CPU.ActiveCfg = Debug|Any CPU
		{DC6F6720-D14B-4CE2-B19C-CE0E5CAF9856}.Debug|Any CPU.Build.0 = Debug|Any CPU
		{DC6F6720-D14B-4CE2-B19C-CE0E5CAF9856}.Release|Any CPU.ActiveCfg = Release|Any CPU
		{DC6F6720-D14B-4CE2-B19C-CE0E5CAF9856}.Release|Any CPU.Build.0 = Release|Any CPU
		{D661AB71-78F0-48E1-8301-3BEE86F34A28}.Debug|Any CPU.ActiveCfg = Debug|Any CPU
		{D661AB71-78F0-48E1-8301-3BEE86F34A28}.Debug|Any CPU.Build.0 = Debug|Any CPU
		{D661AB71-78F0-48E1-8301-3BEE86F34A28}.Release|Any CPU.ActiveCfg = Release|Any CPU
		{D661AB71-78F0-48E1-8301-3BEE86F34A28}.Release|Any CPU.Build.0 = Release|Any CPU
		{976EA719-0A39-4FA1-9FA0-C96E0EE04560}.Debug|Any CPU.ActiveCfg = Debug|Any CPU
		{976EA719-0A39-4FA1-9FA0-C96E0EE04560}.Debug|Any CPU.Build.0 = Debug|Any CPU
		{976EA719-0A39-4FA1-9FA0-C96E0EE04560}.Release|Any CPU.ActiveCfg = Release|Any CPU
		{976EA719-0A39-4FA1-9FA0-C96E0EE04560}.Release|Any CPU.Build.0 = Release|Any CPU
		{E5B372DB-1890-468C-B933-785312075C55}.Debug|Any CPU.ActiveCfg = Debug|Any CPU
		{E5B372DB-1890-468C-B933-785312075C55}.Debug|Any CPU.Build.0 = Debug|Any CPU
		{E5B372DB-1890-468C-B933-785312075C55}.Release|Any CPU.ActiveCfg = Release|Any CPU
		{E5B372DB-1890-468C-B933-785312075C55}.Release|Any CPU.Build.0 = Release|Any CPU
		{1D5E9091-6DDE-4B13-AD63-BE7231B35B20}.Debug|Any CPU.ActiveCfg = Debug|Any CPU
		{1D5E9091-6DDE-4B13-AD63-BE7231B35B20}.Debug|Any CPU.Build.0 = Debug|Any CPU
		{1D5E9091-6DDE-4B13-AD63-BE7231B35B20}.Release|Any CPU.ActiveCfg = Release|Any CPU
		{1D5E9091-6DDE-4B13-AD63-BE7231B35B20}.Release|Any CPU.Build.0 = Release|Any CPU
		{9980062E-E03B-4D26-9E07-82AD08256349}.Debug|Any CPU.ActiveCfg = Debug|Any CPU
		{9980062E-E03B-4D26-9E07-82AD08256349}.Debug|Any CPU.Build.0 = Debug|Any CPU
		{9980062E-E03B-4D26-9E07-82AD08256349}.Release|Any CPU.ActiveCfg = Release|Any CPU
		{9980062E-E03B-4D26-9E07-82AD08256349}.Release|Any CPU.Build.0 = Release|Any CPU
		{52C419C3-E68A-42EC-9B2D-5D7D0F9CE5CD}.Debug|Any CPU.ActiveCfg = Debug|Any CPU
		{52C419C3-E68A-42EC-9B2D-5D7D0F9CE5CD}.Debug|Any CPU.Build.0 = Debug|Any CPU
		{52C419C3-E68A-42EC-9B2D-5D7D0F9CE5CD}.Release|Any CPU.ActiveCfg = Release|Any CPU
		{52C419C3-E68A-42EC-9B2D-5D7D0F9CE5CD}.Release|Any CPU.Build.0 = Release|Any CPU
		{B904670F-88D3-4B37-B76B-5CFB2A21F185}.Debug|Any CPU.ActiveCfg = Debug|Any CPU
		{B904670F-88D3-4B37-B76B-5CFB2A21F185}.Debug|Any CPU.Build.0 = Debug|Any CPU
		{B904670F-88D3-4B37-B76B-5CFB2A21F185}.Release|Any CPU.ActiveCfg = Release|Any CPU
		{B904670F-88D3-4B37-B76B-5CFB2A21F185}.Release|Any CPU.Build.0 = Release|Any CPU
		{3D767812-2497-40C9-9129-8B6C2834148C}.Debug|Any CPU.ActiveCfg = Debug|Any CPU
		{3D767812-2497-40C9-9129-8B6C2834148C}.Debug|Any CPU.Build.0 = Debug|Any CPU
		{3D767812-2497-40C9-9129-8B6C2834148C}.Release|Any CPU.ActiveCfg = Release|Any CPU
		{3D767812-2497-40C9-9129-8B6C2834148C}.Release|Any CPU.Build.0 = Release|Any CPU
		{30C31D62-4D4A-4372-A3A5-581C7F2992C0}.Debug|Any CPU.ActiveCfg = Debug|Any CPU
		{30C31D62-4D4A-4372-A3A5-581C7F2992C0}.Debug|Any CPU.Build.0 = Debug|Any CPU
		{30C31D62-4D4A-4372-A3A5-581C7F2992C0}.Release|Any CPU.ActiveCfg = Release|Any CPU
		{30C31D62-4D4A-4372-A3A5-581C7F2992C0}.Release|Any CPU.Build.0 = Release|Any CPU
		{B8903659-C151-45B8-82E4-B1E62FF53550}.Debug|Any CPU.ActiveCfg = Debug|Any CPU
		{B8903659-C151-45B8-82E4-B1E62FF53550}.Debug|Any CPU.Build.0 = Debug|Any CPU
		{B8903659-C151-45B8-82E4-B1E62FF53550}.Release|Any CPU.ActiveCfg = Release|Any CPU
		{B8903659-C151-45B8-82E4-B1E62FF53550}.Release|Any CPU.Build.0 = Release|Any CPU
		{17B04A55-DA97-40FB-A171-6E40E8838E28}.Debug|Any CPU.ActiveCfg = Debug|Any CPU
		{17B04A55-DA97-40FB-A171-6E40E8838E28}.Debug|Any CPU.Build.0 = Debug|Any CPU
		{17B04A55-DA97-40FB-A171-6E40E8838E28}.Release|Any CPU.ActiveCfg = Release|Any CPU
		{17B04A55-DA97-40FB-A171-6E40E8838E28}.Release|Any CPU.Build.0 = Release|Any CPU
		{C325BBC1-E4C3-45D9-B744-B68CC87D4893}.Debug|Any CPU.ActiveCfg = Debug|Any CPU
		{C325BBC1-E4C3-45D9-B744-B68CC87D4893}.Debug|Any CPU.Build.0 = Debug|Any CPU
		{C325BBC1-E4C3-45D9-B744-B68CC87D4893}.Release|Any CPU.ActiveCfg = Release|Any CPU
		{C325BBC1-E4C3-45D9-B744-B68CC87D4893}.Release|Any CPU.Build.0 = Release|Any CPU
		{A2EB280F-D00C-4C03-9986-CC4761127524}.Debug|Any CPU.ActiveCfg = Debug|Any CPU
		{A2EB280F-D00C-4C03-9986-CC4761127524}.Debug|Any CPU.Build.0 = Debug|Any CPU
		{A2EB280F-D00C-4C03-9986-CC4761127524}.Release|Any CPU.ActiveCfg = Release|Any CPU
		{A2EB280F-D00C-4C03-9986-CC4761127524}.Release|Any CPU.Build.0 = Release|Any CPU
		{EC592B85-5D1C-4EEF-B286-42A49C05F7C4}.Debug|Any CPU.ActiveCfg = Debug|Any CPU
		{EC592B85-5D1C-4EEF-B286-42A49C05F7C4}.Debug|Any CPU.Build.0 = Debug|Any CPU
		{EC592B85-5D1C-4EEF-B286-42A49C05F7C4}.Release|Any CPU.ActiveCfg = Release|Any CPU
		{EC592B85-5D1C-4EEF-B286-42A49C05F7C4}.Release|Any CPU.Build.0 = Release|Any CPU
		{C67EAEFA-BED2-473A-9922-FF37578484A5}.Debug|Any CPU.ActiveCfg = Debug|Any CPU
		{C67EAEFA-BED2-473A-9922-FF37578484A5}.Debug|Any CPU.Build.0 = Debug|Any CPU
		{C67EAEFA-BED2-473A-9922-FF37578484A5}.Release|Any CPU.ActiveCfg = Release|Any CPU
		{C67EAEFA-BED2-473A-9922-FF37578484A5}.Release|Any CPU.Build.0 = Release|Any CPU
		{0CC9C1FC-DB78-4318-BDF9-F3EF4A9C9923}.Debug|Any CPU.ActiveCfg = Debug|Any CPU
		{0CC9C1FC-DB78-4318-BDF9-F3EF4A9C9923}.Debug|Any CPU.Build.0 = Debug|Any CPU
		{0CC9C1FC-DB78-4318-BDF9-F3EF4A9C9923}.Release|Any CPU.ActiveCfg = Release|Any CPU
		{0CC9C1FC-DB78-4318-BDF9-F3EF4A9C9923}.Release|Any CPU.Build.0 = Release|Any CPU
		{5E61A2A6-17DA-4559-8EAB-AD700F8CCB54}.Debug|Any CPU.ActiveCfg = Debug|Any CPU
		{5E61A2A6-17DA-4559-8EAB-AD700F8CCB54}.Debug|Any CPU.Build.0 = Debug|Any CPU
		{5E61A2A6-17DA-4559-8EAB-AD700F8CCB54}.Release|Any CPU.ActiveCfg = Release|Any CPU
		{5E61A2A6-17DA-4559-8EAB-AD700F8CCB54}.Release|Any CPU.Build.0 = Release|Any CPU
		{BF221C91-33D3-4864-885D-9B21818E2EB4}.Debug|Any CPU.ActiveCfg = Debug|Any CPU
		{BF221C91-33D3-4864-885D-9B21818E2EB4}.Debug|Any CPU.Build.0 = Debug|Any CPU
		{BF221C91-33D3-4864-885D-9B21818E2EB4}.Release|Any CPU.ActiveCfg = Release|Any CPU
		{BF221C91-33D3-4864-885D-9B21818E2EB4}.Release|Any CPU.Build.0 = Release|Any CPU
		{3ADACF44-BF05-449D-824B-DFF8BF2EFE25}.Debug|Any CPU.ActiveCfg = Debug|Any CPU
		{3ADACF44-BF05-449D-824B-DFF8BF2EFE25}.Debug|Any CPU.Build.0 = Debug|Any CPU
		{3ADACF44-BF05-449D-824B-DFF8BF2EFE25}.Release|Any CPU.ActiveCfg = Release|Any CPU
		{3ADACF44-BF05-449D-824B-DFF8BF2EFE25}.Release|Any CPU.Build.0 = Release|Any CPU
		{1E4366D8-00D7-4F72-B2E8-211D48F66530}.Debug|Any CPU.ActiveCfg = Debug|Any CPU
		{1E4366D8-00D7-4F72-B2E8-211D48F66530}.Debug|Any CPU.Build.0 = Debug|Any CPU
		{1E4366D8-00D7-4F72-B2E8-211D48F66530}.Release|Any CPU.ActiveCfg = Release|Any CPU
		{1E4366D8-00D7-4F72-B2E8-211D48F66530}.Release|Any CPU.Build.0 = Release|Any CPU
		{3FACD532-ADE9-47D3-B153-B0E980F3DC89}.Debug|Any CPU.ActiveCfg = Debug|Any CPU
		{3FACD532-ADE9-47D3-B153-B0E980F3DC89}.Debug|Any CPU.Build.0 = Debug|Any CPU
		{3FACD532-ADE9-47D3-B153-B0E980F3DC89}.Release|Any CPU.ActiveCfg = Release|Any CPU
		{3FACD532-ADE9-47D3-B153-B0E980F3DC89}.Release|Any CPU.Build.0 = Release|Any CPU
		{721790B9-2AC1-414D-B168-43321484E10A}.Debug|Any CPU.ActiveCfg = Debug|Any CPU
		{721790B9-2AC1-414D-B168-43321484E10A}.Debug|Any CPU.Build.0 = Debug|Any CPU
		{721790B9-2AC1-414D-B168-43321484E10A}.Release|Any CPU.ActiveCfg = Release|Any CPU
		{721790B9-2AC1-414D-B168-43321484E10A}.Release|Any CPU.Build.0 = Release|Any CPU
		{826347ED-2D87-474D-8AF2-01F689EAF998}.Debug|Any CPU.ActiveCfg = Debug|Any CPU
		{826347ED-2D87-474D-8AF2-01F689EAF998}.Debug|Any CPU.Build.0 = Debug|Any CPU
		{826347ED-2D87-474D-8AF2-01F689EAF998}.Release|Any CPU.ActiveCfg = Release|Any CPU
		{826347ED-2D87-474D-8AF2-01F689EAF998}.Release|Any CPU.Build.0 = Release|Any CPU
		{905B1EFE-7D8F-4430-BD71-A05CB1DA7C1B}.Debug|Any CPU.ActiveCfg = Debug|Any CPU
		{905B1EFE-7D8F-4430-BD71-A05CB1DA7C1B}.Debug|Any CPU.Build.0 = Debug|Any CPU
		{905B1EFE-7D8F-4430-BD71-A05CB1DA7C1B}.Release|Any CPU.ActiveCfg = Release|Any CPU
		{905B1EFE-7D8F-4430-BD71-A05CB1DA7C1B}.Release|Any CPU.Build.0 = Release|Any CPU
		{9EAADAE3-0E5F-4223-8DF8-8A241B90F4D1}.Debug|Any CPU.ActiveCfg = Debug|Any CPU
		{9EAADAE3-0E5F-4223-8DF8-8A241B90F4D1}.Debug|Any CPU.Build.0 = Debug|Any CPU
		{9EAADAE3-0E5F-4223-8DF8-8A241B90F4D1}.Release|Any CPU.ActiveCfg = Release|Any CPU
		{9EAADAE3-0E5F-4223-8DF8-8A241B90F4D1}.Release|Any CPU.Build.0 = Release|Any CPU
		{54F215B9-85FD-4F67-BD5D-B771CF3E1E62}.Debug|Any CPU.ActiveCfg = Debug|Any CPU
		{54F215B9-85FD-4F67-BD5D-B771CF3E1E62}.Debug|Any CPU.Build.0 = Debug|Any CPU
		{54F215B9-85FD-4F67-BD5D-B771CF3E1E62}.Release|Any CPU.ActiveCfg = Release|Any CPU
		{54F215B9-85FD-4F67-BD5D-B771CF3E1E62}.Release|Any CPU.Build.0 = Release|Any CPU
		{8C6E3FB6-1294-48E0-A9E2-38EF837EE2F3}.Debug|Any CPU.ActiveCfg = Debug|Any CPU
		{8C6E3FB6-1294-48E0-A9E2-38EF837EE2F3}.Debug|Any CPU.Build.0 = Debug|Any CPU
		{8C6E3FB6-1294-48E0-A9E2-38EF837EE2F3}.Release|Any CPU.ActiveCfg = Release|Any CPU
		{8C6E3FB6-1294-48E0-A9E2-38EF837EE2F3}.Release|Any CPU.Build.0 = Release|Any CPU
		{20BDA7DD-63A1-4044-AB7B-797BBC6CF331}.Debug|Any CPU.ActiveCfg = Debug|Any CPU
		{20BDA7DD-63A1-4044-AB7B-797BBC6CF331}.Debug|Any CPU.Build.0 = Debug|Any CPU
		{20BDA7DD-63A1-4044-AB7B-797BBC6CF331}.Release|Any CPU.ActiveCfg = Release|Any CPU
		{20BDA7DD-63A1-4044-AB7B-797BBC6CF331}.Release|Any CPU.Build.0 = Release|Any CPU
		{09A11E8A-77CE-4C6F-9654-47A1A0AEE02C}.Debug|Any CPU.ActiveCfg = Debug|Any CPU
		{09A11E8A-77CE-4C6F-9654-47A1A0AEE02C}.Debug|Any CPU.Build.0 = Debug|Any CPU
		{09A11E8A-77CE-4C6F-9654-47A1A0AEE02C}.Release|Any CPU.ActiveCfg = Release|Any CPU
		{09A11E8A-77CE-4C6F-9654-47A1A0AEE02C}.Release|Any CPU.Build.0 = Release|Any CPU
		{A286311A-3FEB-4784-B213-1D227BDCC00E}.Debug|Any CPU.ActiveCfg = Debug|Any CPU
		{A286311A-3FEB-4784-B213-1D227BDCC00E}.Debug|Any CPU.Build.0 = Debug|Any CPU
		{A286311A-3FEB-4784-B213-1D227BDCC00E}.Release|Any CPU.ActiveCfg = Release|Any CPU
		{A286311A-3FEB-4784-B213-1D227BDCC00E}.Release|Any CPU.Build.0 = Release|Any CPU
		{7277B158-CCFB-4C27-A444-DB153FF2D21F}.Debug|Any CPU.ActiveCfg = Debug|Any CPU
		{7277B158-CCFB-4C27-A444-DB153FF2D21F}.Debug|Any CPU.Build.0 = Debug|Any CPU
		{7277B158-CCFB-4C27-A444-DB153FF2D21F}.Release|Any CPU.ActiveCfg = Release|Any CPU
		{7277B158-CCFB-4C27-A444-DB153FF2D21F}.Release|Any CPU.Build.0 = Release|Any CPU
		{953C9927-96F7-4187-AEE5-A032577BF739}.Debug|Any CPU.ActiveCfg = Debug|Any CPU
		{953C9927-96F7-4187-AEE5-A032577BF739}.Debug|Any CPU.Build.0 = Debug|Any CPU
		{953C9927-96F7-4187-AEE5-A032577BF739}.Release|Any CPU.ActiveCfg = Release|Any CPU
		{953C9927-96F7-4187-AEE5-A032577BF739}.Release|Any CPU.Build.0 = Release|Any CPU
		{F9695108-6C2F-4AF7-BF11-17D9BB5F7862}.Debug|Any CPU.ActiveCfg = Debug|Any CPU
		{F9695108-6C2F-4AF7-BF11-17D9BB5F7862}.Debug|Any CPU.Build.0 = Debug|Any CPU
		{F9695108-6C2F-4AF7-BF11-17D9BB5F7862}.Release|Any CPU.ActiveCfg = Release|Any CPU
		{F9695108-6C2F-4AF7-BF11-17D9BB5F7862}.Release|Any CPU.Build.0 = Release|Any CPU
		{59AD59D9-CE9F-48B0-A59C-702758E3DB90}.Debug|Any CPU.ActiveCfg = Debug|Any CPU
		{59AD59D9-CE9F-48B0-A59C-702758E3DB90}.Debug|Any CPU.Build.0 = Debug|Any CPU
		{59AD59D9-CE9F-48B0-A59C-702758E3DB90}.Release|Any CPU.ActiveCfg = Release|Any CPU
		{59AD59D9-CE9F-48B0-A59C-702758E3DB90}.Release|Any CPU.Build.0 = Release|Any CPU
		{9EA15592-6B95-4B4A-A0E2-A3C0519F741E}.Debug|Any CPU.ActiveCfg = Debug|Any CPU
		{9EA15592-6B95-4B4A-A0E2-A3C0519F741E}.Debug|Any CPU.Build.0 = Debug|Any CPU
		{9EA15592-6B95-4B4A-A0E2-A3C0519F741E}.Release|Any CPU.ActiveCfg = Release|Any CPU
		{9EA15592-6B95-4B4A-A0E2-A3C0519F741E}.Release|Any CPU.Build.0 = Release|Any CPU
		{EE1F9F14-F264-411D-B898-C6D7FEB0108E}.Debug|Any CPU.ActiveCfg = Debug|Any CPU
		{EE1F9F14-F264-411D-B898-C6D7FEB0108E}.Debug|Any CPU.Build.0 = Debug|Any CPU
		{EE1F9F14-F264-411D-B898-C6D7FEB0108E}.Release|Any CPU.ActiveCfg = Release|Any CPU
		{EE1F9F14-F264-411D-B898-C6D7FEB0108E}.Release|Any CPU.Build.0 = Release|Any CPU
		{BCAE66DC-FDA5-4CB9-87A3-A75E922117D9}.Debug|Any CPU.ActiveCfg = Debug|Any CPU
		{BCAE66DC-FDA5-4CB9-87A3-A75E922117D9}.Debug|Any CPU.Build.0 = Debug|Any CPU
		{BCAE66DC-FDA5-4CB9-87A3-A75E922117D9}.Release|Any CPU.ActiveCfg = Release|Any CPU
		{BCAE66DC-FDA5-4CB9-87A3-A75E922117D9}.Release|Any CPU.Build.0 = Release|Any CPU
		{E931F4A6-FA1A-495B-BFBC-BFFA369F8447}.Debug|Any CPU.ActiveCfg = Debug|Any CPU
		{E931F4A6-FA1A-495B-BFBC-BFFA369F8447}.Debug|Any CPU.Build.0 = Debug|Any CPU
		{E931F4A6-FA1A-495B-BFBC-BFFA369F8447}.Release|Any CPU.ActiveCfg = Release|Any CPU
		{E931F4A6-FA1A-495B-BFBC-BFFA369F8447}.Release|Any CPU.Build.0 = Release|Any CPU
		{BF0CA603-43F3-4527-9103-56D80EB06BC6}.Debug|Any CPU.ActiveCfg = Debug|Any CPU
		{BF0CA603-43F3-4527-9103-56D80EB06BC6}.Debug|Any CPU.Build.0 = Debug|Any CPU
		{BF0CA603-43F3-4527-9103-56D80EB06BC6}.Release|Any CPU.ActiveCfg = Release|Any CPU
		{BF0CA603-43F3-4527-9103-56D80EB06BC6}.Release|Any CPU.Build.0 = Release|Any CPU
		{0228FE83-B384-4CC1-8615-4D45B0826B82}.Debug|Any CPU.ActiveCfg = Debug|Any CPU
		{0228FE83-B384-4CC1-8615-4D45B0826B82}.Debug|Any CPU.Build.0 = Debug|Any CPU
		{0228FE83-B384-4CC1-8615-4D45B0826B82}.Release|Any CPU.ActiveCfg = Release|Any CPU
		{0228FE83-B384-4CC1-8615-4D45B0826B82}.Release|Any CPU.Build.0 = Release|Any CPU
		{95B56F15-CF47-4D2D-9029-CDB4F437609C}.Debug|Any CPU.ActiveCfg = Debug|Any CPU
		{95B56F15-CF47-4D2D-9029-CDB4F437609C}.Debug|Any CPU.Build.0 = Debug|Any CPU
		{95B56F15-CF47-4D2D-9029-CDB4F437609C}.Release|Any CPU.ActiveCfg = Release|Any CPU
		{95B56F15-CF47-4D2D-9029-CDB4F437609C}.Release|Any CPU.Build.0 = Release|Any CPU
		{4E386C11-CD70-4432-B8B5-E29BF98E33A2}.Debug|Any CPU.ActiveCfg = Debug|Any CPU
		{4E386C11-CD70-4432-B8B5-E29BF98E33A2}.Debug|Any CPU.Build.0 = Debug|Any CPU
		{4E386C11-CD70-4432-B8B5-E29BF98E33A2}.Release|Any CPU.ActiveCfg = Release|Any CPU
		{4E386C11-CD70-4432-B8B5-E29BF98E33A2}.Release|Any CPU.Build.0 = Release|Any CPU
		{649EC702-52EF-41B8-92EF-DDCBBDEA6E81}.Debug|Any CPU.ActiveCfg = Debug|Any CPU
		{649EC702-52EF-41B8-92EF-DDCBBDEA6E81}.Debug|Any CPU.Build.0 = Debug|Any CPU
		{649EC702-52EF-41B8-92EF-DDCBBDEA6E81}.Release|Any CPU.ActiveCfg = Release|Any CPU
		{649EC702-52EF-41B8-92EF-DDCBBDEA6E81}.Release|Any CPU.Build.0 = Release|Any CPU
		{13505662-81B4-450D-BDD0-DE41B947FC43}.Debug|Any CPU.ActiveCfg = Debug|Any CPU
		{13505662-81B4-450D-BDD0-DE41B947FC43}.Debug|Any CPU.Build.0 = Debug|Any CPU
		{13505662-81B4-450D-BDD0-DE41B947FC43}.Release|Any CPU.ActiveCfg = Release|Any CPU
		{13505662-81B4-450D-BDD0-DE41B947FC43}.Release|Any CPU.Build.0 = Release|Any CPU
		{6583A7C4-C0BC-4FC6-9B76-A716CD931D7B}.Debug|Any CPU.ActiveCfg = Debug|Any CPU
		{6583A7C4-C0BC-4FC6-9B76-A716CD931D7B}.Debug|Any CPU.Build.0 = Debug|Any CPU
		{6583A7C4-C0BC-4FC6-9B76-A716CD931D7B}.Release|Any CPU.ActiveCfg = Release|Any CPU
		{6583A7C4-C0BC-4FC6-9B76-A716CD931D7B}.Release|Any CPU.Build.0 = Release|Any CPU
		{52379F32-E5C0-4AD5-9909-98DB01B83586}.Debug|Any CPU.ActiveCfg = Debug|Any CPU
		{52379F32-E5C0-4AD5-9909-98DB01B83586}.Debug|Any CPU.Build.0 = Debug|Any CPU
		{52379F32-E5C0-4AD5-9909-98DB01B83586}.Release|Any CPU.ActiveCfg = Release|Any CPU
		{52379F32-E5C0-4AD5-9909-98DB01B83586}.Release|Any CPU.Build.0 = Release|Any CPU
		{7628D695-2AB8-4E7D-8D29-AAB93A4458AB}.Debug|Any CPU.ActiveCfg = Debug|Any CPU
		{7628D695-2AB8-4E7D-8D29-AAB93A4458AB}.Debug|Any CPU.Build.0 = Debug|Any CPU
		{7628D695-2AB8-4E7D-8D29-AAB93A4458AB}.Release|Any CPU.ActiveCfg = Release|Any CPU
		{7628D695-2AB8-4E7D-8D29-AAB93A4458AB}.Release|Any CPU.Build.0 = Release|Any CPU
		{B0ACCDFE-4798-4639-B55D-1F4A2A9D7AD7}.Debug|Any CPU.ActiveCfg = Debug|Any CPU
		{B0ACCDFE-4798-4639-B55D-1F4A2A9D7AD7}.Debug|Any CPU.Build.0 = Debug|Any CPU
		{B0ACCDFE-4798-4639-B55D-1F4A2A9D7AD7}.Release|Any CPU.ActiveCfg = Release|Any CPU
		{B0ACCDFE-4798-4639-B55D-1F4A2A9D7AD7}.Release|Any CPU.Build.0 = Release|Any CPU
		{B3384448-DF9F-4C35-9AF2-F173F4DCD343}.Debug|Any CPU.ActiveCfg = Debug|Any CPU
		{B3384448-DF9F-4C35-9AF2-F173F4DCD343}.Debug|Any CPU.Build.0 = Debug|Any CPU
		{B3384448-DF9F-4C35-9AF2-F173F4DCD343}.Release|Any CPU.ActiveCfg = Release|Any CPU
		{B3384448-DF9F-4C35-9AF2-F173F4DCD343}.Release|Any CPU.Build.0 = Release|Any CPU
		{92358055-5328-4ACB-9DCC-34557504C170}.Debug|Any CPU.ActiveCfg = Debug|Any CPU
		{92358055-5328-4ACB-9DCC-34557504C170}.Debug|Any CPU.Build.0 = Debug|Any CPU
		{92358055-5328-4ACB-9DCC-34557504C170}.Release|Any CPU.ActiveCfg = Release|Any CPU
		{92358055-5328-4ACB-9DCC-34557504C170}.Release|Any CPU.Build.0 = Release|Any CPU
		{EC9C61B9-EA87-406D-8CDF-7F3EFFDBD5CF}.Debug|Any CPU.ActiveCfg = Debug|Any CPU
		{EC9C61B9-EA87-406D-8CDF-7F3EFFDBD5CF}.Debug|Any CPU.Build.0 = Debug|Any CPU
		{EC9C61B9-EA87-406D-8CDF-7F3EFFDBD5CF}.Release|Any CPU.ActiveCfg = Release|Any CPU
		{EC9C61B9-EA87-406D-8CDF-7F3EFFDBD5CF}.Release|Any CPU.Build.0 = Release|Any CPU
		{CCA9BAC9-3C7D-4D86-9200-29B87D136759}.Debug|Any CPU.ActiveCfg = Debug|Any CPU
		{CCA9BAC9-3C7D-4D86-9200-29B87D136759}.Debug|Any CPU.Build.0 = Debug|Any CPU
		{CCA9BAC9-3C7D-4D86-9200-29B87D136759}.Release|Any CPU.ActiveCfg = Release|Any CPU
		{CCA9BAC9-3C7D-4D86-9200-29B87D136759}.Release|Any CPU.Build.0 = Release|Any CPU
		{79270889-103D-4F96-9EBE-0739D2D89B7D}.Debug|Any CPU.ActiveCfg = Debug|Any CPU
		{79270889-103D-4F96-9EBE-0739D2D89B7D}.Debug|Any CPU.Build.0 = Debug|Any CPU
		{79270889-103D-4F96-9EBE-0739D2D89B7D}.Release|Any CPU.ActiveCfg = Release|Any CPU
		{79270889-103D-4F96-9EBE-0739D2D89B7D}.Release|Any CPU.Build.0 = Release|Any CPU
		{4ADE2AF1-25BA-4151-8957-6E3084ED74AC}.Debug|Any CPU.ActiveCfg = Debug|Any CPU
		{4ADE2AF1-25BA-4151-8957-6E3084ED74AC}.Debug|Any CPU.Build.0 = Debug|Any CPU
		{4ADE2AF1-25BA-4151-8957-6E3084ED74AC}.Release|Any CPU.ActiveCfg = Release|Any CPU
		{4ADE2AF1-25BA-4151-8957-6E3084ED74AC}.Release|Any CPU.Build.0 = Release|Any CPU
		{5CB09AA1-2EA9-40FF-918E-6E1F0DE7CCF7}.Debug|Any CPU.ActiveCfg = Debug|Any CPU
		{5CB09AA1-2EA9-40FF-918E-6E1F0DE7CCF7}.Debug|Any CPU.Build.0 = Debug|Any CPU
		{5CB09AA1-2EA9-40FF-918E-6E1F0DE7CCF7}.Release|Any CPU.ActiveCfg = Release|Any CPU
		{5CB09AA1-2EA9-40FF-918E-6E1F0DE7CCF7}.Release|Any CPU.Build.0 = Release|Any CPU
		{01A74095-1E0A-4FB2-9E78-52F01549994B}.Debug|Any CPU.ActiveCfg = Debug|Any CPU
		{01A74095-1E0A-4FB2-9E78-52F01549994B}.Debug|Any CPU.Build.0 = Debug|Any CPU
		{01A74095-1E0A-4FB2-9E78-52F01549994B}.Release|Any CPU.ActiveCfg = Release|Any CPU
		{01A74095-1E0A-4FB2-9E78-52F01549994B}.Release|Any CPU.Build.0 = Release|Any CPU
		{AF80140D-197B-4B70-A005-5D4621B8B326}.Debug|Any CPU.ActiveCfg = Debug|Any CPU
		{AF80140D-197B-4B70-A005-5D4621B8B326}.Debug|Any CPU.Build.0 = Debug|Any CPU
		{AF80140D-197B-4B70-A005-5D4621B8B326}.Release|Any CPU.ActiveCfg = Release|Any CPU
		{AF80140D-197B-4B70-A005-5D4621B8B326}.Release|Any CPU.Build.0 = Release|Any CPU
		{AAC70AB1-3F5B-494D-AA3E-41531FE92FA6}.Debug|Any CPU.ActiveCfg = Debug|Any CPU
		{AAC70AB1-3F5B-494D-AA3E-41531FE92FA6}.Debug|Any CPU.Build.0 = Debug|Any CPU
		{AAC70AB1-3F5B-494D-AA3E-41531FE92FA6}.Release|Any CPU.ActiveCfg = Release|Any CPU
		{AAC70AB1-3F5B-494D-AA3E-41531FE92FA6}.Release|Any CPU.Build.0 = Release|Any CPU
	EndGlobalSection
	GlobalSection(SolutionProperties) = preSolution
		HideSolutionNode = FALSE
	EndGlobalSection
	GlobalSection(ExtensibilityGlobals) = postSolution
		SolutionGuid = {80BEC437-391D-403C-991F-F94116C9A6A1}
	EndGlobalSection
EndGlobal
