
Microsoft Visual Studio Solution File, Format Version 12.00
# Visual Studio Version 17
VisualStudioVersion = 17.2.32630.192
MinimumVisualStudioVersion = 10.0.40219.1
Project("{9A19103F-16F7-4668-BE54-9A1E7A4F7556}") = "R5T.D0120", "R5T.D0120\R5T.D0120.csproj", "{AE17C9A9-FC28-4E94-B95E-9AD0C05BB3DC}"
EndProject
Project("{2150E333-8FDC-42A3-9474-1A3956D46DE8}") = "_Dependencies", "_Dependencies", "{F52F11AB-B30E-445A-B64A-6CA1C13438F6}"
EndProject
Project("{9A19103F-16F7-4668-BE54-9A1E7A4F7556}") = "R5T.L0066", "..\..\R5T.L0066\source\R5T.L0066\R5T.L0066.csproj", "{01AF3948-2AA0-49F0-B7F7-B3978EE12FC6}"
EndProject
Project("{9A19103F-16F7-4668-BE54-9A1E7A4F7556}") = "R5T.L0090.T000", "..\..\R5T.L0090\source\R5T.L0090.T000\R5T.L0090.T000.csproj", "{C1FD86E8-C01E-41B1-9B9C-78B2F9D6B0DC}"
EndProject
Project("{9A19103F-16F7-4668-BE54-9A1E7A4F7556}") = "R5T.T0064", "..\..\R5T.T0064\source\R5T.T0064\R5T.T0064.csproj", "{9DAE3C0A-0E74-4330-A332-ECFEA1BBDFCD}"
EndProject
Project("{9A19103F-16F7-4668-BE54-9A1E7A4F7556}") = "R5T.T0131", "..\..\R5T.T0131\source\R5T.T0131\R5T.T0131.csproj", "{8A4D006E-F28F-4D32-AE62-B1E5803F3BD1}"
EndProject
Project("{9A19103F-16F7-4668-BE54-9A1E7A4F7556}") = "R5T.T0132", "..\..\R5T.T0132\source\R5T.T0132\R5T.T0132.csproj", "{0A8B07A9-3E0A-4FE4-B218-AC287EAEE299}"
EndProject
Project("{9A19103F-16F7-4668-BE54-9A1E7A4F7556}") = "R5T.T0142", "..\..\R5T.T0142\source\R5T.T0142\R5T.T0142.csproj", "{3ED54BEE-BBC2-496C-862D-411A597591F2}"
EndProject
Project("{9A19103F-16F7-4668-BE54-9A1E7A4F7556}") = "R5T.T0143", "..\..\R5T.T0143\source\R5T.T0143\R5T.T0143.csproj", "{5B288CB6-D932-4C9B-89DD-4521A2252105}"
EndProject
Project("{9A19103F-16F7-4668-BE54-9A1E7A4F7556}") = "R5T.T0156", "..\..\R5T.T0156\source\R5T.T0156\R5T.T0156.csproj", "{9385BF6C-D802-4549-9FD1-F8BDA370FEA9}"
EndProject
Project("{9A19103F-16F7-4668-BE54-9A1E7A4F7556}") = "R5T.T0238", "..\..\R5T.T0238\source\R5T.T0238\R5T.T0238.csproj", "{E8B5763C-1B64-4B47-8E16-4216E185C5ED}"
EndProject
Project("{9A19103F-16F7-4668-BE54-9A1E7A4F7556}") = "R5T.T0241", "..\..\R5T.T0241\source\R5T.T0241\R5T.T0241.csproj", "{EA93A3C4-CD43-408B-9A60-F7EBD26C8DBA}"
EndProject
Project("{9A19103F-16F7-4668-BE54-9A1E7A4F7556}") = "R5T.Y0006", "..\..\R5T.Y0006\source\R5T.Y0006\R5T.Y0006.csproj", "{84286CCC-05ED-4B40-A77E-130D4EDAE006}"
EndProject
Project("{9A19103F-16F7-4668-BE54-9A1E7A4F7556}") = "R5T.T0247", "..\..\R5T.T0247\source\R5T.T0247\R5T.T0247.csproj", "{D28E5C61-D129-4B2B-9262-1D99BE3C625C}"
EndProject
Project("{9A19103F-16F7-4668-BE54-9A1E7A4F7556}") = "R5T.T0248", "..\..\R5T.T0248\source\R5T.T0248\R5T.T0248.csproj", "{D0497F71-EC46-413E-B8CB-88DD4D1BA589}"
EndProject
Global
	GlobalSection(NestedProjects) = preSolution
		{01AF3948-2AA0-49F0-B7F7-B3978EE12FC6} = {F52F11AB-B30E-445A-B64A-6CA1C13438F6}
		{C1FD86E8-C01E-41B1-9B9C-78B2F9D6B0DC} = {F52F11AB-B30E-445A-B64A-6CA1C13438F6}
		{9DAE3C0A-0E74-4330-A332-ECFEA1BBDFCD} = {F52F11AB-B30E-445A-B64A-6CA1C13438F6}
		{8A4D006E-F28F-4D32-AE62-B1E5803F3BD1} = {F52F11AB-B30E-445A-B64A-6CA1C13438F6}
		{0A8B07A9-3E0A-4FE4-B218-AC287EAEE299} = {F52F11AB-B30E-445A-B64A-6CA1C13438F6}
		{3ED54BEE-BBC2-496C-862D-411A597591F2} = {F52F11AB-B30E-445A-B64A-6CA1C13438F6}
		{5B288CB6-D932-4C9B-89DD-4521A2252105} = {F52F11AB-B30E-445A-B64A-6CA1C13438F6}
		{9385BF6C-D802-4549-9FD1-F8BDA370FEA9} = {F52F11AB-B30E-445A-B64A-6CA1C13438F6}
		{E8B5763C-1B64-4B47-8E16-4216E185C5ED} = {F52F11AB-B30E-445A-B64A-6CA1C13438F6}
		{EA93A3C4-CD43-408B-9A60-F7EBD26C8DBA} = {F52F11AB-B30E-445A-B64A-6CA1C13438F6}
		{84286CCC-05ED-4B40-A77E-130D4EDAE006} = {F52F11AB-B30E-445A-B64A-6CA1C13438F6}
		{D28E5C61-D129-4B2B-9262-1D99BE3C625C} = {F52F11AB-B30E-445A-B64A-6CA1C13438F6}
		{D0497F71-EC46-413E-B8CB-88DD4D1BA589} = {F52F11AB-B30E-445A-B64A-6CA1C13438F6}
	EndGlobalSection
	GlobalSection(SolutionConfigurationPlatforms) = preSolution
		Debug|Any CPU = Debug|Any CPU
		Release|Any CPU = Release|Any CPU
	EndGlobalSection
	GlobalSection(ProjectConfigurationPlatforms) = postSolution
		{AE17C9A9-FC28-4E94-B95E-9AD0C05BB3DC}.Debug|Any CPU.ActiveCfg = Debug|Any CPU
		{AE17C9A9-FC28-4E94-B95E-9AD0C05BB3DC}.Debug|Any CPU.Build.0 = Debug|Any CPU
		{AE17C9A9-FC28-4E94-B95E-9AD0C05BB3DC}.Release|Any CPU.ActiveCfg = Release|Any CPU
		{AE17C9A9-FC28-4E94-B95E-9AD0C05BB3DC}.Release|Any CPU.Build.0 = Release|Any CPU
		{01AF3948-2AA0-49F0-B7F7-B3978EE12FC6}.Debug|Any CPU.ActiveCfg = Debug|Any CPU
		{01AF3948-2AA0-49F0-B7F7-B3978EE12FC6}.Debug|Any CPU.Build.0 = Debug|Any CPU
		{01AF3948-2AA0-49F0-B7F7-B3978EE12FC6}.Release|Any CPU.ActiveCfg = Release|Any CPU
		{01AF3948-2AA0-49F0-B7F7-B3978EE12FC6}.Release|Any CPU.Build.0 = Release|Any CPU
		{C1FD86E8-C01E-41B1-9B9C-78B2F9D6B0DC}.Debug|Any CPU.ActiveCfg = Debug|Any CPU
		{C1FD86E8-C01E-41B1-9B9C-78B2F9D6B0DC}.Debug|Any CPU.Build.0 = Debug|Any CPU
		{C1FD86E8-C01E-41B1-9B9C-78B2F9D6B0DC}.Release|Any CPU.ActiveCfg = Release|Any CPU
		{C1FD86E8-C01E-41B1-9B9C-78B2F9D6B0DC}.Release|Any CPU.Build.0 = Release|Any CPU
		{9DAE3C0A-0E74-4330-A332-ECFEA1BBDFCD}.Debug|Any CPU.ActiveCfg = Debug|Any CPU
		{9DAE3C0A-0E74-4330-A332-ECFEA1BBDFCD}.Debug|Any CPU.Build.0 = Debug|Any CPU
		{9DAE3C0A-0E74-4330-A332-ECFEA1BBDFCD}.Release|Any CPU.ActiveCfg = Release|Any CPU
		{9DAE3C0A-0E74-4330-A332-ECFEA1BBDFCD}.Release|Any CPU.Build.0 = Release|Any CPU
		{8A4D006E-F28F-4D32-AE62-B1E5803F3BD1}.Debug|Any CPU.ActiveCfg = Debug|Any CPU
		{8A4D006E-F28F-4D32-AE62-B1E5803F3BD1}.Debug|Any CPU.Build.0 = Debug|Any CPU
		{8A4D006E-F28F-4D32-AE62-B1E5803F3BD1}.Release|Any CPU.ActiveCfg = Release|Any CPU
		{8A4D006E-F28F-4D32-AE62-B1E5803F3BD1}.Release|Any CPU.Build.0 = Release|Any CPU
		{0A8B07A9-3E0A-4FE4-B218-AC287EAEE299}.Debug|Any CPU.ActiveCfg = Debug|Any CPU
		{0A8B07A9-3E0A-4FE4-B218-AC287EAEE299}.Debug|Any CPU.Build.0 = Debug|Any CPU
		{0A8B07A9-3E0A-4FE4-B218-AC287EAEE299}.Release|Any CPU.ActiveCfg = Release|Any CPU
		{0A8B07A9-3E0A-4FE4-B218-AC287EAEE299}.Release|Any CPU.Build.0 = Release|Any CPU
		{3ED54BEE-BBC2-496C-862D-411A597591F2}.Debug|Any CPU.ActiveCfg = Debug|Any CPU
		{3ED54BEE-BBC2-496C-862D-411A597591F2}.Debug|Any CPU.Build.0 = Debug|Any CPU
		{3ED54BEE-BBC2-496C-862D-411A597591F2}.Release|Any CPU.ActiveCfg = Release|Any CPU
		{3ED54BEE-BBC2-496C-862D-411A597591F2}.Release|Any CPU.Build.0 = Release|Any CPU
		{5B288CB6-D932-4C9B-89DD-4521A2252105}.Debug|Any CPU.ActiveCfg = Debug|Any CPU
		{5B288CB6-D932-4C9B-89DD-4521A2252105}.Debug|Any CPU.Build.0 = Debug|Any CPU
		{5B288CB6-D932-4C9B-89DD-4521A2252105}.Release|Any CPU.ActiveCfg = Release|Any CPU
		{5B288CB6-D932-4C9B-89DD-4521A2252105}.Release|Any CPU.Build.0 = Release|Any CPU
		{9385BF6C-D802-4549-9FD1-F8BDA370FEA9}.Debug|Any CPU.ActiveCfg = Debug|Any CPU
		{9385BF6C-D802-4549-9FD1-F8BDA370FEA9}.Debug|Any CPU.Build.0 = Debug|Any CPU
		{9385BF6C-D802-4549-9FD1-F8BDA370FEA9}.Release|Any CPU.ActiveCfg = Release|Any CPU
		{9385BF6C-D802-4549-9FD1-F8BDA370FEA9}.Release|Any CPU.Build.0 = Release|Any CPU
		{E8B5763C-1B64-4B47-8E16-4216E185C5ED}.Debug|Any CPU.ActiveCfg = Debug|Any CPU
		{E8B5763C-1B64-4B47-8E16-4216E185C5ED}.Debug|Any CPU.Build.0 = Debug|Any CPU
		{E8B5763C-1B64-4B47-8E16-4216E185C5ED}.Release|Any CPU.ActiveCfg = Release|Any CPU
		{E8B5763C-1B64-4B47-8E16-4216E185C5ED}.Release|Any CPU.Build.0 = Release|Any CPU
		{EA93A3C4-CD43-408B-9A60-F7EBD26C8DBA}.Debug|Any CPU.ActiveCfg = Debug|Any CPU
		{EA93A3C4-CD43-408B-9A60-F7EBD26C8DBA}.Debug|Any CPU.Build.0 = Debug|Any CPU
		{EA93A3C4-CD43-408B-9A60-F7EBD26C8DBA}.Release|Any CPU.ActiveCfg = Release|Any CPU
		{EA93A3C4-CD43-408B-9A60-F7EBD26C8DBA}.Release|Any CPU.Build.0 = Release|Any CPU
		{84286CCC-05ED-4B40-A77E-130D4EDAE006}.Debug|Any CPU.ActiveCfg = Debug|Any CPU
		{84286CCC-05ED-4B40-A77E-130D4EDAE006}.Debug|Any CPU.Build.0 = Debug|Any CPU
		{84286CCC-05ED-4B40-A77E-130D4EDAE006}.Release|Any CPU.ActiveCfg = Release|Any CPU
		{84286CCC-05ED-4B40-A77E-130D4EDAE006}.Release|Any CPU.Build.0 = Release|Any CPU
		{D28E5C61-D129-4B2B-9262-1D99BE3C625C}.Debug|Any CPU.ActiveCfg = Debug|Any CPU
		{D28E5C61-D129-4B2B-9262-1D99BE3C625C}.Debug|Any CPU.Build.0 = Debug|Any CPU
		{D28E5C61-D129-4B2B-9262-1D99BE3C625C}.Release|Any CPU.ActiveCfg = Release|Any CPU
		{D28E5C61-D129-4B2B-9262-1D99BE3C625C}.Release|Any CPU.Build.0 = Release|Any CPU
		{D0497F71-EC46-413E-B8CB-88DD4D1BA589}.Debug|Any CPU.ActiveCfg = Debug|Any CPU
		{D0497F71-EC46-413E-B8CB-88DD4D1BA589}.Debug|Any CPU.Build.0 = Debug|Any CPU
		{D0497F71-EC46-413E-B8CB-88DD4D1BA589}.Release|Any CPU.ActiveCfg = Release|Any CPU
		{D0497F71-EC46-413E-B8CB-88DD4D1BA589}.Release|Any CPU.Build.0 = Release|Any CPU
	EndGlobalSection
	GlobalSection(SolutionProperties) = preSolution
		HideSolutionNode = FALSE
	EndGlobalSection
	GlobalSection(ExtensibilityGlobals) = postSolution
		SolutionGuid = {921447BA-D89C-43C9-BE89-2CACDDE29456}
	EndGlobalSection
EndGlobal
